// !$*UTF8*$!
{
	archiveVersion = 1;
	classes = {
	};
	objectVersion = 56;
	objects = {

/* Begin PBXBuildFile section */
		6A407C53AC36ECF0FB190C42 /* Pods_pp.framework in Frameworks */ = {isa = PBXBuildFile; fileRef = 60B72B2DF0AB5DC3B4B72707 /* Pods_pp.framework */; };
		9A73F5652BBE237E00FFB0B7 /* ColorExtension.swift in Sources */ = {isa = PBXBuildFile; fileRef = 9A73F5642BBE237E00FFB0B7 /* ColorExtension.swift */; };
		9A73F5672BBE238D00FFB0B7 /* ViewExtension.swift in Sources */ = {isa = PBXBuildFile; fileRef = 9A73F5662BBE238D00FFB0B7 /* ViewExtension.swift */; };
		9A73F56B2BBE50A200FFB0B7 /* Launch Screen.storyboard in Resources */ = {isa = PBXBuildFile; fileRef = 9A73F56A2BBE50A200FFB0B7 /* Launch Screen.storyboard */; };
		9A73F56D2BBFCA2E00FFB0B7 /* TermsAgreementView.swift in Sources */ = {isa = PBXBuildFile; fileRef = 9A73F56C2BBFCA2E00FFB0B7 /* TermsAgreementView.swift */; };
		9A73F56F2BBFCA3D00FFB0B7 /* TermsView.swift in Sources */ = {isa = PBXBuildFile; fileRef = 9A73F56E2BBFCA3D00FFB0B7 /* TermsView.swift */; };
		9A73F5712BBFD31500FFB0B7 /* ImageExtension.swift in Sources */ = {isa = PBXBuildFile; fileRef = 9A73F5702BBFD31500FFB0B7 /* ImageExtension.swift */; };
		9A73F5732BBFD42F00FFB0B7 /* Utils.swift in Sources */ = {isa = PBXBuildFile; fileRef = 9A73F5722BBFD42F00FFB0B7 /* Utils.swift */; };
		9A73F59B2BC43B9300FFB0B7 /* Secrets.swift in Sources */ = {isa = PBXBuildFile; fileRef = 9A73F59A2BC43B9300FFB0B7 /* Secrets.swift */; };
		9AF0F3922BBBF8C800964E75 /* ppApp.swift in Sources */ = {isa = PBXBuildFile; fileRef = 9AF0F3912BBBF8C800964E75 /* ppApp.swift */; };
		9AF0F3942BBBF8C800964E75 /* ContentView.swift in Sources */ = {isa = PBXBuildFile; fileRef = 9AF0F3932BBBF8C800964E75 /* ContentView.swift */; };
		9AF0F3962BBBF8CA00964E75 /* Assets.xcassets in Resources */ = {isa = PBXBuildFile; fileRef = 9AF0F3952BBBF8CA00964E75 /* Assets.xcassets */; };
		9AF0F3992BBBF8CA00964E75 /* Preview Assets.xcassets in Resources */ = {isa = PBXBuildFile; fileRef = 9AF0F3982BBBF8CA00964E75 /* Preview Assets.xcassets */; };
		9AF0F39B2BBBF8CA00964E75 /* Persistence.swift in Sources */ = {isa = PBXBuildFile; fileRef = 9AF0F39A2BBBF8CA00964E75 /* Persistence.swift */; };
		A91019502BBCFE2A00046A62 /* DiaryPostModel.xcdatamodeld in Sources */ = {isa = PBXBuildFile; fileRef = A910194E2BBCFE2A00046A62 /* DiaryPostModel.xcdatamodeld */; };
		A91019552BBD242400046A62 /* AuthEndpoint.swift in Sources */ = {isa = PBXBuildFile; fileRef = A91019542BBD242400046A62 /* AuthEndpoint.swift */; };
		A91019572BBD242D00046A62 /* AuthService.swift in Sources */ = {isa = PBXBuildFile; fileRef = A91019562BBD242D00046A62 /* AuthService.swift */; };
		A91019592BBD243300046A62 /* AuthModel.swift in Sources */ = {isa = PBXBuildFile; fileRef = A91019582BBD243300046A62 /* AuthModel.swift */; };
		A910195B2BBD243F00046A62 /* UserEndpoint.swift in Sources */ = {isa = PBXBuildFile; fileRef = A910195A2BBD243F00046A62 /* UserEndpoint.swift */; };
		A910195D2BBD244500046A62 /* UserService.swift in Sources */ = {isa = PBXBuildFile; fileRef = A910195C2BBD244500046A62 /* UserService.swift */; };
		A910195F2BBD244C00046A62 /* UserModel.swift in Sources */ = {isa = PBXBuildFile; fileRef = A910195E2BBD244C00046A62 /* UserModel.swift */; };
		A91019612BBD245200046A62 /* PostEndpoint.swift in Sources */ = {isa = PBXBuildFile; fileRef = A91019602BBD245200046A62 /* PostEndpoint.swift */; };
		A91019632BBD245900046A62 /* PostService.swift in Sources */ = {isa = PBXBuildFile; fileRef = A91019622BBD245900046A62 /* PostService.swift */; };
		A91019652BBD246200046A62 /* PostModel.swift in Sources */ = {isa = PBXBuildFile; fileRef = A91019642BBD246200046A62 /* PostModel.swift */; };
		A91019672BBD247000046A62 /* DiaryViewModel.swift in Sources */ = {isa = PBXBuildFile; fileRef = A91019662BBD247000046A62 /* DiaryViewModel.swift */; };
		A910196B2BBD249000046A62 /* LoginView.swift in Sources */ = {isa = PBXBuildFile; fileRef = A910196A2BBD249000046A62 /* LoginView.swift */; };
		A91019702BBD24B700046A62 /* SettingView.swift in Sources */ = {isa = PBXBuildFile; fileRef = A910196F2BBD24B700046A62 /* SettingView.swift */; };
		A91019732BBD24D100046A62 /* CommunityView.swift in Sources */ = {isa = PBXBuildFile; fileRef = A91019722BBD24D100046A62 /* CommunityView.swift */; };
		A91019752BBD24DA00046A62 /* DiaryView.swift in Sources */ = {isa = PBXBuildFile; fileRef = A91019742BBD24DA00046A62 /* DiaryView.swift */; };
		A91019772BBD24E300046A62 /* DiaryDetailView.swift in Sources */ = {isa = PBXBuildFile; fileRef = A91019762BBD24E300046A62 /* DiaryDetailView.swift */; };
		A91019792BBD24EE00046A62 /* DiaryUploadView.swift in Sources */ = {isa = PBXBuildFile; fileRef = A91019782BBD24EE00046A62 /* DiaryUploadView.swift */; };
		A910197B2BBD24F900046A62 /* CommunityDetailView.swift in Sources */ = {isa = PBXBuildFile; fileRef = A910197A2BBD24F900046A62 /* CommunityDetailView.swift */; };
		A910197D2BBD250400046A62 /* CommunityUploadView.swift in Sources */ = {isa = PBXBuildFile; fileRef = A910197C2BBD250400046A62 /* CommunityUploadView.swift */; };
		A910197F2BBD252F00046A62 /* PostReplyView.swift in Sources */ = {isa = PBXBuildFile; fileRef = A910197E2BBD252F00046A62 /* PostReplyView.swift */; };
/* End PBXBuildFile section */

/* Begin PBXCopyFilesBuildPhase section */
		9A73F5762BC2375900FFB0B7 /* Embed Frameworks */ = {
			isa = PBXCopyFilesBuildPhase;
			buildActionMask = 2147483647;
			dstPath = "";
			dstSubfolderSpec = 10;
			files = (
			);
			name = "Embed Frameworks";
			runOnlyForDeploymentPostprocessing = 0;
		};
/* End PBXCopyFilesBuildPhase section */

/* Begin PBXFileReference section */
		60B72B2DF0AB5DC3B4B72707 /* Pods_pp.framework */ = {isa = PBXFileReference; explicitFileType = wrapper.framework; includeInIndex = 0; path = Pods_pp.framework; sourceTree = BUILT_PRODUCTS_DIR; };
		76C89518046957F322B68C3A /* Pods-pp.debug.xcconfig */ = {isa = PBXFileReference; includeInIndex = 1; lastKnownFileType = text.xcconfig; name = "Pods-pp.debug.xcconfig"; path = "Target Support Files/Pods-pp/Pods-pp.debug.xcconfig"; sourceTree = "<group>"; };
		77F17E162996FD910D313C07 /* Pods-pp.release.xcconfig */ = {isa = PBXFileReference; includeInIndex = 1; lastKnownFileType = text.xcconfig; name = "Pods-pp.release.xcconfig"; path = "Target Support Files/Pods-pp/Pods-pp.release.xcconfig"; sourceTree = "<group>"; };
		9A73F5642BBE237E00FFB0B7 /* ColorExtension.swift */ = {isa = PBXFileReference; lastKnownFileType = sourcecode.swift; path = ColorExtension.swift; sourceTree = "<group>"; };
		9A73F5662BBE238D00FFB0B7 /* ViewExtension.swift */ = {isa = PBXFileReference; lastKnownFileType = sourcecode.swift; path = ViewExtension.swift; sourceTree = "<group>"; };
		9A73F56A2BBE50A200FFB0B7 /* Launch Screen.storyboard */ = {isa = PBXFileReference; lastKnownFileType = file.storyboard; path = "Launch Screen.storyboard"; sourceTree = "<group>"; };
		9A73F56C2BBFCA2E00FFB0B7 /* TermsAgreementView.swift */ = {isa = PBXFileReference; lastKnownFileType = sourcecode.swift; path = TermsAgreementView.swift; sourceTree = "<group>"; };
		9A73F56E2BBFCA3D00FFB0B7 /* TermsView.swift */ = {isa = PBXFileReference; lastKnownFileType = sourcecode.swift; path = TermsView.swift; sourceTree = "<group>"; };
		9A73F5702BBFD31500FFB0B7 /* ImageExtension.swift */ = {isa = PBXFileReference; lastKnownFileType = sourcecode.swift; path = ImageExtension.swift; sourceTree = "<group>"; };
		9A73F5722BBFD42F00FFB0B7 /* Utils.swift */ = {isa = PBXFileReference; lastKnownFileType = sourcecode.swift; path = Utils.swift; sourceTree = "<group>"; };
		9A73F58B2BC241C900FFB0B7 /* Accelerate.framework */ = {isa = PBXFileReference; lastKnownFileType = wrapper.framework; name = Accelerate.framework; path = System/Library/Frameworks/Accelerate.framework; sourceTree = SDKROOT; };
		9A73F59A2BC43B9300FFB0B7 /* Secrets.swift */ = {isa = PBXFileReference; lastKnownFileType = sourcecode.swift; path = Secrets.swift; sourceTree = "<group>"; };
		9AF0F38E2BBBF8C800964E75 /* pp.app */ = {isa = PBXFileReference; explicitFileType = wrapper.application; includeInIndex = 0; path = pp.app; sourceTree = BUILT_PRODUCTS_DIR; };
		9AF0F3912BBBF8C800964E75 /* ppApp.swift */ = {isa = PBXFileReference; lastKnownFileType = sourcecode.swift; path = ppApp.swift; sourceTree = "<group>"; };
		9AF0F3932BBBF8C800964E75 /* ContentView.swift */ = {isa = PBXFileReference; lastKnownFileType = sourcecode.swift; path = ContentView.swift; sourceTree = "<group>"; };
		9AF0F3952BBBF8CA00964E75 /* Assets.xcassets */ = {isa = PBXFileReference; lastKnownFileType = folder.assetcatalog; path = Assets.xcassets; sourceTree = "<group>"; };
		9AF0F3982BBBF8CA00964E75 /* Preview Assets.xcassets */ = {isa = PBXFileReference; lastKnownFileType = folder.assetcatalog; path = "Preview Assets.xcassets"; sourceTree = "<group>"; };
		9AF0F39A2BBBF8CA00964E75 /* Persistence.swift */ = {isa = PBXFileReference; lastKnownFileType = sourcecode.swift; path = Persistence.swift; sourceTree = "<group>"; };
		A910194F2BBCFE2A00046A62 /* DiaryPost.xcdatamodel */ = {isa = PBXFileReference; lastKnownFileType = wrapper.xcdatamodel; path = DiaryPost.xcdatamodel; sourceTree = "<group>"; };
		A91019542BBD242400046A62 /* AuthEndpoint.swift */ = {isa = PBXFileReference; lastKnownFileType = sourcecode.swift; path = AuthEndpoint.swift; sourceTree = "<group>"; };
		A91019562BBD242D00046A62 /* AuthService.swift */ = {isa = PBXFileReference; lastKnownFileType = sourcecode.swift; path = AuthService.swift; sourceTree = "<group>"; };
		A91019582BBD243300046A62 /* AuthModel.swift */ = {isa = PBXFileReference; lastKnownFileType = sourcecode.swift; path = AuthModel.swift; sourceTree = "<group>"; };
		A910195A2BBD243F00046A62 /* UserEndpoint.swift */ = {isa = PBXFileReference; lastKnownFileType = sourcecode.swift; path = UserEndpoint.swift; sourceTree = "<group>"; };
		A910195C2BBD244500046A62 /* UserService.swift */ = {isa = PBXFileReference; lastKnownFileType = sourcecode.swift; path = UserService.swift; sourceTree = "<group>"; };
		A910195E2BBD244C00046A62 /* UserModel.swift */ = {isa = PBXFileReference; lastKnownFileType = sourcecode.swift; path = UserModel.swift; sourceTree = "<group>"; };
		A91019602BBD245200046A62 /* PostEndpoint.swift */ = {isa = PBXFileReference; lastKnownFileType = sourcecode.swift; path = PostEndpoint.swift; sourceTree = "<group>"; };
		A91019622BBD245900046A62 /* PostService.swift */ = {isa = PBXFileReference; lastKnownFileType = sourcecode.swift; path = PostService.swift; sourceTree = "<group>"; };
		A91019642BBD246200046A62 /* PostModel.swift */ = {isa = PBXFileReference; lastKnownFileType = sourcecode.swift; path = PostModel.swift; sourceTree = "<group>"; };
		A91019662BBD247000046A62 /* DiaryViewModel.swift */ = {isa = PBXFileReference; lastKnownFileType = sourcecode.swift; path = DiaryViewModel.swift; sourceTree = "<group>"; };
		A910196A2BBD249000046A62 /* LoginView.swift */ = {isa = PBXFileReference; lastKnownFileType = sourcecode.swift; path = LoginView.swift; sourceTree = "<group>"; };
		A910196F2BBD24B700046A62 /* SettingView.swift */ = {isa = PBXFileReference; lastKnownFileType = sourcecode.swift; path = SettingView.swift; sourceTree = "<group>"; };
		A91019722BBD24D100046A62 /* CommunityView.swift */ = {isa = PBXFileReference; lastKnownFileType = sourcecode.swift; path = CommunityView.swift; sourceTree = "<group>"; };
		A91019742BBD24DA00046A62 /* DiaryView.swift */ = {isa = PBXFileReference; lastKnownFileType = sourcecode.swift; path = DiaryView.swift; sourceTree = "<group>"; };
		A91019762BBD24E300046A62 /* DiaryDetailView.swift */ = {isa = PBXFileReference; lastKnownFileType = sourcecode.swift; path = DiaryDetailView.swift; sourceTree = "<group>"; };
		A91019782BBD24EE00046A62 /* DiaryUploadView.swift */ = {isa = PBXFileReference; lastKnownFileType = sourcecode.swift; path = DiaryUploadView.swift; sourceTree = "<group>"; };
		A910197A2BBD24F900046A62 /* CommunityDetailView.swift */ = {isa = PBXFileReference; lastKnownFileType = sourcecode.swift; path = CommunityDetailView.swift; sourceTree = "<group>"; };
		A910197C2BBD250400046A62 /* CommunityUploadView.swift */ = {isa = PBXFileReference; lastKnownFileType = sourcecode.swift; path = CommunityUploadView.swift; sourceTree = "<group>"; };
		A910197E2BBD252F00046A62 /* PostReplyView.swift */ = {isa = PBXFileReference; lastKnownFileType = sourcecode.swift; path = PostReplyView.swift; sourceTree = "<group>"; };
		A99B433D2BC3A5B40096A4AB /* Info.plist */ = {isa = PBXFileReference; lastKnownFileType = text.plist; path = Info.plist; sourceTree = "<group>"; };
/* End PBXFileReference section */

/* Begin PBXFrameworksBuildPhase section */
		9AF0F38B2BBBF8C800964E75 /* Frameworks */ = {
			isa = PBXFrameworksBuildPhase;
			buildActionMask = 2147483647;
			files = (
				6A407C53AC36ECF0FB190C42 /* Pods_pp.framework in Frameworks */,
			);
			runOnlyForDeploymentPostprocessing = 0;
		};
/* End PBXFrameworksBuildPhase section */

/* Begin PBXGroup section */
		9A73F5632BBE236500FFB0B7 /* Util */ = {
			isa = PBXGroup;
			children = (
				9A73F5722BBFD42F00FFB0B7 /* Utils.swift */,
				9A73F59A2BC43B9300FFB0B7 /* Secrets.swift */,
				9A73F5692BBE23BD00FFB0B7 /* Extension */,
			);
			path = Util;
			sourceTree = "<group>";
		};
		9A73F5692BBE23BD00FFB0B7 /* Extension */ = {
			isa = PBXGroup;
			children = (
				9A73F5642BBE237E00FFB0B7 /* ColorExtension.swift */,
				9A73F5662BBE238D00FFB0B7 /* ViewExtension.swift */,
				9A73F5702BBFD31500FFB0B7 /* ImageExtension.swift */,
			);
			path = Extension;
			sourceTree = "<group>";
		};
		9AF0F3852BBBF8C800964E75 = {
			isa = PBXGroup;
			children = (
				9AF0F3902BBBF8C800964E75 /* pp */,
				9AF0F38F2BBBF8C800964E75 /* Products */,
				B92B235530ABBCFFBB608850 /* Pods */,
				CCFF8B5808A59A9FD1000F04 /* Frameworks */,
			);
			sourceTree = "<group>";
		};
		9AF0F38F2BBBF8C800964E75 /* Products */ = {
			isa = PBXGroup;
			children = (
				9AF0F38E2BBBF8C800964E75 /* pp.app */,
			);
			name = Products;
			sourceTree = "<group>";
		};
		9AF0F3902BBBF8C800964E75 /* pp */ = {
			isa = PBXGroup;
			children = (
				A99B433D2BC3A5B40096A4AB /* Info.plist */,
				A910194A2BBCFDDA00046A62 /* View */,
				A910194B2BBCFDE100046A62 /* ViewModel */,
				A910194C2BBCFDE900046A62 /* API */,
				A910194D2BBCFDF100046A62 /* Database */,
				9A73F5632BBE236500FFB0B7 /* Util */,
				9AF0F3912BBBF8C800964E75 /* ppApp.swift */,
				9AF0F3932BBBF8C800964E75 /* ContentView.swift */,
				9AF0F3952BBBF8CA00964E75 /* Assets.xcassets */,
				9A73F56A2BBE50A200FFB0B7 /* Launch Screen.storyboard */,
				9AF0F3972BBBF8CA00964E75 /* Preview Content */,
			);
			path = pp;
			sourceTree = "<group>";
		};
		9AF0F3972BBBF8CA00964E75 /* Preview Content */ = {
			isa = PBXGroup;
			children = (
				9AF0F3982BBBF8CA00964E75 /* Preview Assets.xcassets */,
			);
			path = "Preview Content";
			sourceTree = "<group>";
		};
		A910194A2BBCFDDA00046A62 /* View */ = {
			isa = PBXGroup;
			children = (
				A910196E2BBD24A400046A62 /* Setting */,
				A910196D2BBD249D00046A62 /* Community */,
				A910196C2BBD249400046A62 /* Diary */,
				A91019802BBD462900046A62 /* Login */,
			);
			path = View;
			sourceTree = "<group>";
		};
		A910194B2BBCFDE100046A62 /* ViewModel */ = {
			isa = PBXGroup;
			children = (
				A91019662BBD247000046A62 /* DiaryViewModel.swift */,
			);
			path = ViewModel;
			sourceTree = "<group>";
		};
		A910194C2BBCFDE900046A62 /* API */ = {
			isa = PBXGroup;
			children = (
				A91019532BBD23F800046A62 /* Auth */,
				A91019512BBD23EB00046A62 /* User */,
				A91019522BBD23F200046A62 /* Post */,
			);
			path = API;
			sourceTree = "<group>";
		};
		A910194D2BBCFDF100046A62 /* Database */ = {
			isa = PBXGroup;
			children = (
				A910194E2BBCFE2A00046A62 /* DiaryPostModel.xcdatamodeld */,
				9AF0F39A2BBBF8CA00964E75 /* Persistence.swift */,
			);
			path = Database;
			sourceTree = "<group>";
		};
		A91019512BBD23EB00046A62 /* User */ = {
			isa = PBXGroup;
			children = (
				A910195A2BBD243F00046A62 /* UserEndpoint.swift */,
				A910195C2BBD244500046A62 /* UserService.swift */,
				A910195E2BBD244C00046A62 /* UserModel.swift */,
			);
			path = User;
			sourceTree = "<group>";
		};
		A91019522BBD23F200046A62 /* Post */ = {
			isa = PBXGroup;
			children = (
				A91019602BBD245200046A62 /* PostEndpoint.swift */,
				A91019622BBD245900046A62 /* PostService.swift */,
				A91019642BBD246200046A62 /* PostModel.swift */,
			);
			path = Post;
			sourceTree = "<group>";
		};
		A91019532BBD23F800046A62 /* Auth */ = {
			isa = PBXGroup;
			children = (
				A91019542BBD242400046A62 /* AuthEndpoint.swift */,
				A91019562BBD242D00046A62 /* AuthService.swift */,
				A91019582BBD243300046A62 /* AuthModel.swift */,
			);
			path = Auth;
			sourceTree = "<group>";
		};
		A910196C2BBD249400046A62 /* Diary */ = {
			isa = PBXGroup;
			children = (
				A91019742BBD24DA00046A62 /* DiaryView.swift */,
				A91019762BBD24E300046A62 /* DiaryDetailView.swift */,
				A91019782BBD24EE00046A62 /* DiaryUploadView.swift */,
			);
			path = Diary;
			sourceTree = "<group>";
		};
		A910196D2BBD249D00046A62 /* Community */ = {
			isa = PBXGroup;
			children = (
				A91019722BBD24D100046A62 /* CommunityView.swift */,
				A910197A2BBD24F900046A62 /* CommunityDetailView.swift */,
				A910197C2BBD250400046A62 /* CommunityUploadView.swift */,
				A910197E2BBD252F00046A62 /* PostReplyView.swift */,
			);
			path = Community;
			sourceTree = "<group>";
		};
		A910196E2BBD24A400046A62 /* Setting */ = {
			isa = PBXGroup;
			children = (
				A910196F2BBD24B700046A62 /* SettingView.swift */,
			);
			path = Setting;
			sourceTree = "<group>";
		};
		A91019802BBD462900046A62 /* Login */ = {
			isa = PBXGroup;
			children = (
				A910196A2BBD249000046A62 /* LoginView.swift */,
				9A73F56C2BBFCA2E00FFB0B7 /* TermsAgreementView.swift */,
				9A73F56E2BBFCA3D00FFB0B7 /* TermsView.swift */,
			);
			path = Login;
			sourceTree = "<group>";
		};
		B92B235530ABBCFFBB608850 /* Pods */ = {
			isa = PBXGroup;
			children = (
				76C89518046957F322B68C3A /* Pods-pp.debug.xcconfig */,
				77F17E162996FD910D313C07 /* Pods-pp.release.xcconfig */,
			);
			path = Pods;
			sourceTree = "<group>";
		};
		CCFF8B5808A59A9FD1000F04 /* Frameworks */ = {
			isa = PBXGroup;
			children = (
				9A73F58B2BC241C900FFB0B7 /* Accelerate.framework */,
				60B72B2DF0AB5DC3B4B72707 /* Pods_pp.framework */,
			);
			name = Frameworks;
			sourceTree = "<group>";
		};
/* End PBXGroup section */

/* Begin PBXNativeTarget section */
		9AF0F38D2BBBF8C800964E75 /* pp */ = {
			isa = PBXNativeTarget;
			buildConfigurationList = 9AF0F3A12BBBF8CA00964E75 /* Build configuration list for PBXNativeTarget "pp" */;
			buildPhases = (
				17BE038F609836E57A02206C /* [CP] Check Pods Manifest.lock */,
				9AF0F38A2BBBF8C800964E75 /* Sources */,
				9AF0F38B2BBBF8C800964E75 /* Frameworks */,
				9AF0F38C2BBBF8C800964E75 /* Resources */,
				9A73F5762BC2375900FFB0B7 /* Embed Frameworks */,
				37650474F2B85192E2C80B19 /* [CP] Embed Pods Frameworks */,
			);
			buildRules = (
			);
			dependencies = (
			);
			name = pp;
			productName = pp;
			productReference = 9AF0F38E2BBBF8C800964E75 /* pp.app */;
			productType = "com.apple.product-type.application";
		};
/* End PBXNativeTarget section */

/* Begin PBXProject section */
		9AF0F3862BBBF8C800964E75 /* Project object */ = {
			isa = PBXProject;
			attributes = {
				BuildIndependentTargetsInParallel = 1;
				LastSwiftUpdateCheck = 1520;
				LastUpgradeCheck = 1520;
				TargetAttributes = {
					9AF0F38D2BBBF8C800964E75 = {
						CreatedOnToolsVersion = 15.2;
					};
				};
			};
			buildConfigurationList = 9AF0F3892BBBF8C800964E75 /* Build configuration list for PBXProject "pp" */;
			compatibilityVersion = "Xcode 14.0";
			developmentRegion = en;
			hasScannedForEncodings = 0;
			knownRegions = (
				en,
				Base,
			);
			mainGroup = 9AF0F3852BBBF8C800964E75;
			productRefGroup = 9AF0F38F2BBBF8C800964E75 /* Products */;
			projectDirPath = "";
			projectRoot = "";
			targets = (
				9AF0F38D2BBBF8C800964E75 /* pp */,
			);
		};
/* End PBXProject section */

/* Begin PBXResourcesBuildPhase section */
		9AF0F38C2BBBF8C800964E75 /* Resources */ = {
			isa = PBXResourcesBuildPhase;
			buildActionMask = 2147483647;
			files = (
				9A73F56B2BBE50A200FFB0B7 /* Launch Screen.storyboard in Resources */,
				9AF0F3992BBBF8CA00964E75 /* Preview Assets.xcassets in Resources */,
				9AF0F3962BBBF8CA00964E75 /* Assets.xcassets in Resources */,
			);
			runOnlyForDeploymentPostprocessing = 0;
		};
/* End PBXResourcesBuildPhase section */

/* Begin PBXShellScriptBuildPhase section */
		17BE038F609836E57A02206C /* [CP] Check Pods Manifest.lock */ = {
			isa = PBXShellScriptBuildPhase;
			buildActionMask = 2147483647;
			files = (
			);
			inputFileListPaths = (
			);
			inputPaths = (
				"${PODS_PODFILE_DIR_PATH}/Podfile.lock",
				"${PODS_ROOT}/Manifest.lock",
			);
			name = "[CP] Check Pods Manifest.lock";
			outputFileListPaths = (
			);
			outputPaths = (
				"$(DERIVED_FILE_DIR)/Pods-pp-checkManifestLockResult.txt",
			);
			runOnlyForDeploymentPostprocessing = 0;
			shellPath = /bin/sh;
			shellScript = "diff \"${PODS_PODFILE_DIR_PATH}/Podfile.lock\" \"${PODS_ROOT}/Manifest.lock\" > /dev/null\nif [ $? != 0 ] ; then\n    # print error to STDERR\n    echo \"error: The sandbox is not in sync with the Podfile.lock. Run 'pod install' or update your CocoaPods installation.\" >&2\n    exit 1\nfi\n# This output is used by Xcode 'outputs' to avoid re-running this script phase.\necho \"SUCCESS\" > \"${SCRIPT_OUTPUT_FILE_0}\"\n";
			showEnvVarsInLog = 0;
		};
		37650474F2B85192E2C80B19 /* [CP] Embed Pods Frameworks */ = {
			isa = PBXShellScriptBuildPhase;
			buildActionMask = 2147483647;
			files = (
			);
			inputFileListPaths = (
				"${PODS_ROOT}/Target Support Files/Pods-pp/Pods-pp-frameworks-${CONFIGURATION}-input-files.xcfilelist",
			);
			name = "[CP] Embed Pods Frameworks";
			outputFileListPaths = (
				"${PODS_ROOT}/Target Support Files/Pods-pp/Pods-pp-frameworks-${CONFIGURATION}-output-files.xcfilelist",
			);
			runOnlyForDeploymentPostprocessing = 0;
			shellPath = /bin/sh;
			shellScript = "\"${PODS_ROOT}/Target Support Files/Pods-pp/Pods-pp-frameworks.sh\"\n";
			showEnvVarsInLog = 0;
		};
/* End PBXShellScriptBuildPhase section */

/* Begin PBXSourcesBuildPhase section */
		9AF0F38A2BBBF8C800964E75 /* Sources */ = {
			isa = PBXSourcesBuildPhase;
			buildActionMask = 2147483647;
			files = (
				9AF0F39B2BBBF8CA00964E75 /* Persistence.swift in Sources */,
				9A73F59B2BC43B9300FFB0B7 /* Secrets.swift in Sources */,
				9A73F56F2BBFCA3D00FFB0B7 /* TermsView.swift in Sources */,
				A910197B2BBD24F900046A62 /* CommunityDetailView.swift in Sources */,
				9A73F5712BBFD31500FFB0B7 /* ImageExtension.swift in Sources */,
				A91019502BBCFE2A00046A62 /* DiaryPostModel.xcdatamodeld in Sources */,
				9A73F56D2BBFCA2E00FFB0B7 /* TermsAgreementView.swift in Sources */,
				A910197F2BBD252F00046A62 /* PostReplyView.swift in Sources */,
				A910195D2BBD244500046A62 /* UserService.swift in Sources */,
				9A73F5732BBFD42F00FFB0B7 /* Utils.swift in Sources */,
				A91019592BBD243300046A62 /* AuthModel.swift in Sources */,
				9AF0F3942BBBF8C800964E75 /* ContentView.swift in Sources */,
				A910197D2BBD250400046A62 /* CommunityUploadView.swift in Sources */,
				A91019652BBD246200046A62 /* PostModel.swift in Sources */,
				A91019572BBD242D00046A62 /* AuthService.swift in Sources */,
				A91019612BBD245200046A62 /* PostEndpoint.swift in Sources */,
				A91019632BBD245900046A62 /* PostService.swift in Sources */,
				A91019702BBD24B700046A62 /* SettingView.swift in Sources */,
				A91019752BBD24DA00046A62 /* DiaryView.swift in Sources */,
				A91019772BBD24E300046A62 /* DiaryDetailView.swift in Sources */,
				A910195B2BBD243F00046A62 /* UserEndpoint.swift in Sources */,
				A91019552BBD242400046A62 /* AuthEndpoint.swift in Sources */,
				A910195F2BBD244C00046A62 /* UserModel.swift in Sources */,
				9A73F5672BBE238D00FFB0B7 /* ViewExtension.swift in Sources */,
				A91019672BBD247000046A62 /* DiaryViewModel.swift in Sources */,
				A91019732BBD24D100046A62 /* CommunityView.swift in Sources */,
				A910196B2BBD249000046A62 /* LoginView.swift in Sources */,
				A91019792BBD24EE00046A62 /* DiaryUploadView.swift in Sources */,
				9AF0F3922BBBF8C800964E75 /* ppApp.swift in Sources */,
				9A73F5652BBE237E00FFB0B7 /* ColorExtension.swift in Sources */,
			);
			runOnlyForDeploymentPostprocessing = 0;
		};
/* End PBXSourcesBuildPhase section */

/* Begin XCBuildConfiguration section */
		9AF0F39F2BBBF8CA00964E75 /* Debug */ = {
			isa = XCBuildConfiguration;
			buildSettings = {
				ALWAYS_SEARCH_USER_PATHS = NO;
				ASSETCATALOG_COMPILER_GENERATE_SWIFT_ASSET_SYMBOL_EXTENSIONS = YES;
				CLANG_ANALYZER_NONNULL = YES;
				CLANG_ANALYZER_NUMBER_OBJECT_CONVERSION = YES_AGGRESSIVE;
				CLANG_CXX_LANGUAGE_STANDARD = "gnu++20";
				CLANG_ENABLE_MODULES = YES;
				CLANG_ENABLE_OBJC_ARC = YES;
				CLANG_ENABLE_OBJC_WEAK = YES;
				CLANG_WARN_BLOCK_CAPTURE_AUTORELEASING = YES;
				CLANG_WARN_BOOL_CONVERSION = YES;
				CLANG_WARN_COMMA = YES;
				CLANG_WARN_CONSTANT_CONVERSION = YES;
				CLANG_WARN_DEPRECATED_OBJC_IMPLEMENTATIONS = YES;
				CLANG_WARN_DIRECT_OBJC_ISA_USAGE = YES_ERROR;
				CLANG_WARN_DOCUMENTATION_COMMENTS = YES;
				CLANG_WARN_EMPTY_BODY = YES;
				CLANG_WARN_ENUM_CONVERSION = YES;
				CLANG_WARN_INFINITE_RECURSION = YES;
				CLANG_WARN_INT_CONVERSION = YES;
				CLANG_WARN_NON_LITERAL_NULL_CONVERSION = YES;
				CLANG_WARN_OBJC_IMPLICIT_RETAIN_SELF = YES;
				CLANG_WARN_OBJC_LITERAL_CONVERSION = YES;
				CLANG_WARN_OBJC_ROOT_CLASS = YES_ERROR;
				CLANG_WARN_QUOTED_INCLUDE_IN_FRAMEWORK_HEADER = YES;
				CLANG_WARN_RANGE_LOOP_ANALYSIS = YES;
				CLANG_WARN_STRICT_PROTOTYPES = YES;
				CLANG_WARN_SUSPICIOUS_MOVE = YES;
				CLANG_WARN_UNGUARDED_AVAILABILITY = YES_AGGRESSIVE;
				CLANG_WARN_UNREACHABLE_CODE = YES;
				CLANG_WARN__DUPLICATE_METHOD_MATCH = YES;
				COPY_PHASE_STRIP = NO;
				DEBUG_INFORMATION_FORMAT = dwarf;
				ENABLE_STRICT_OBJC_MSGSEND = YES;
				ENABLE_TESTABILITY = YES;
				ENABLE_USER_SCRIPT_SANDBOXING = NO;
				FRAMEWORK_SEARCH_PATHS = $DEVELOPER_FRAMEWORKS_DIR;
				GCC_C_LANGUAGE_STANDARD = gnu17;
				GCC_DYNAMIC_NO_PIC = NO;
				GCC_NO_COMMON_BLOCKS = YES;
				GCC_OPTIMIZATION_LEVEL = 0;
				GCC_PREPROCESSOR_DEFINITIONS = (
					"DEBUG=1",
					"$(inherited)",
				);
				GCC_WARN_64_TO_32_BIT_CONVERSION = YES;
				GCC_WARN_ABOUT_RETURN_TYPE = YES_ERROR;
				GCC_WARN_UNDECLARED_SELECTOR = YES;
				GCC_WARN_UNINITIALIZED_AUTOS = YES_AGGRESSIVE;
				GCC_WARN_UNUSED_FUNCTION = YES;
				GCC_WARN_UNUSED_VARIABLE = YES;
				IPHONEOS_DEPLOYMENT_TARGET = 16.3;
				LOCALIZATION_PREFERS_STRING_CATALOGS = YES;
				MTL_ENABLE_DEBUG_INFO = INCLUDE_SOURCE;
				MTL_FAST_MATH = YES;
				ONLY_ACTIVE_ARCH = YES;
				SDKROOT = iphoneos;
				SWIFT_ACTIVE_COMPILATION_CONDITIONS = "DEBUG $(inherited)";
				SWIFT_OPTIMIZATION_LEVEL = "-Onone";
			};
			name = Debug;
		};
		9AF0F3A02BBBF8CA00964E75 /* Release */ = {
			isa = XCBuildConfiguration;
			buildSettings = {
				ALWAYS_SEARCH_USER_PATHS = NO;
				ASSETCATALOG_COMPILER_GENERATE_SWIFT_ASSET_SYMBOL_EXTENSIONS = YES;
				CLANG_ANALYZER_NONNULL = YES;
				CLANG_ANALYZER_NUMBER_OBJECT_CONVERSION = YES_AGGRESSIVE;
				CLANG_CXX_LANGUAGE_STANDARD = "gnu++20";
				CLANG_ENABLE_MODULES = YES;
				CLANG_ENABLE_OBJC_ARC = YES;
				CLANG_ENABLE_OBJC_WEAK = YES;
				CLANG_WARN_BLOCK_CAPTURE_AUTORELEASING = YES;
				CLANG_WARN_BOOL_CONVERSION = YES;
				CLANG_WARN_COMMA = YES;
				CLANG_WARN_CONSTANT_CONVERSION = YES;
				CLANG_WARN_DEPRECATED_OBJC_IMPLEMENTATIONS = YES;
				CLANG_WARN_DIRECT_OBJC_ISA_USAGE = YES_ERROR;
				CLANG_WARN_DOCUMENTATION_COMMENTS = YES;
				CLANG_WARN_EMPTY_BODY = YES;
				CLANG_WARN_ENUM_CONVERSION = YES;
				CLANG_WARN_INFINITE_RECURSION = YES;
				CLANG_WARN_INT_CONVERSION = YES;
				CLANG_WARN_NON_LITERAL_NULL_CONVERSION = YES;
				CLANG_WARN_OBJC_IMPLICIT_RETAIN_SELF = YES;
				CLANG_WARN_OBJC_LITERAL_CONVERSION = YES;
				CLANG_WARN_OBJC_ROOT_CLASS = YES_ERROR;
				CLANG_WARN_QUOTED_INCLUDE_IN_FRAMEWORK_HEADER = YES;
				CLANG_WARN_RANGE_LOOP_ANALYSIS = YES;
				CLANG_WARN_STRICT_PROTOTYPES = YES;
				CLANG_WARN_SUSPICIOUS_MOVE = YES;
				CLANG_WARN_UNGUARDED_AVAILABILITY = YES_AGGRESSIVE;
				CLANG_WARN_UNREACHABLE_CODE = YES;
				CLANG_WARN__DUPLICATE_METHOD_MATCH = YES;
				COPY_PHASE_STRIP = NO;
				DEBUG_INFORMATION_FORMAT = "dwarf-with-dsym";
				ENABLE_NS_ASSERTIONS = NO;
				ENABLE_STRICT_OBJC_MSGSEND = YES;
				ENABLE_USER_SCRIPT_SANDBOXING = NO;
				FRAMEWORK_SEARCH_PATHS = $DEVELOPER_FRAMEWORKS_DIR;
				GCC_C_LANGUAGE_STANDARD = gnu17;
				GCC_NO_COMMON_BLOCKS = YES;
				GCC_WARN_64_TO_32_BIT_CONVERSION = YES;
				GCC_WARN_ABOUT_RETURN_TYPE = YES_ERROR;
				GCC_WARN_UNDECLARED_SELECTOR = YES;
				GCC_WARN_UNINITIALIZED_AUTOS = YES_AGGRESSIVE;
				GCC_WARN_UNUSED_FUNCTION = YES;
				GCC_WARN_UNUSED_VARIABLE = YES;
				IPHONEOS_DEPLOYMENT_TARGET = 16.3;
				LOCALIZATION_PREFERS_STRING_CATALOGS = YES;
				MTL_ENABLE_DEBUG_INFO = NO;
				MTL_FAST_MATH = YES;
				SDKROOT = iphoneos;
				SWIFT_COMPILATION_MODE = wholemodule;
				VALIDATE_PRODUCT = YES;
			};
			name = Release;
		};
		9AF0F3A22BBBF8CA00964E75 /* Debug */ = {
			isa = XCBuildConfiguration;
			baseConfigurationReference = 76C89518046957F322B68C3A /* Pods-pp.debug.xcconfig */;
			buildSettings = {
				ASSETCATALOG_COMPILER_APPICON_NAME = AppIcon;
				ASSETCATALOG_COMPILER_GLOBAL_ACCENT_COLOR_NAME = AccentColor;
				CODE_SIGN_STYLE = Automatic;
				CURRENT_PROJECT_VERSION = 1;
				DEVELOPMENT_ASSET_PATHS = "\"pp/Preview Content\"";
				DEVELOPMENT_TEAM = 6RZ3FF956G;
				ENABLE_PREVIEWS = YES;
				GENERATE_INFOPLIST_FILE = YES;
				INFOPLIST_FILE = pp/Info.plist;
				INFOPLIST_KEY_CFBundleDisplayName = "피피";
				INFOPLIST_KEY_LSApplicationCategoryType = "public.app-category.lifestyle";
				INFOPLIST_KEY_UIApplicationSceneManifest_Generation = YES;
				INFOPLIST_KEY_UIApplicationSupportsIndirectInputEvents = YES;
				INFOPLIST_KEY_UILaunchScreen_Generation = YES;
				INFOPLIST_KEY_UILaunchStoryboardName = "Launch Screen.storyboard";
				INFOPLIST_KEY_UIStatusBarHidden = NO;
				INFOPLIST_KEY_UISupportedInterfaceOrientations_iPad = "UIInterfaceOrientationPortrait UIInterfaceOrientationPortraitUpsideDown UIInterfaceOrientationLandscapeLeft UIInterfaceOrientationLandscapeRight";
				INFOPLIST_KEY_UISupportedInterfaceOrientations_iPhone = "UIInterfaceOrientationPortrait UIInterfaceOrientationLandscapeLeft UIInterfaceOrientationLandscapeRight";
				INFOPLIST_KEY_UIUserInterfaceStyle = Light;
				LD_RUNPATH_SEARCH_PATHS = (
					"$(inherited)",
					"@executable_path/Frameworks",
				);
				MARKETING_VERSION = 1.0;
				PRODUCT_BUNDLE_IDENTIFIER = com.jihyunkim.pp;
				PRODUCT_NAME = "$(TARGET_NAME)";
				SWIFT_EMIT_LOC_STRINGS = YES;
				SWIFT_VERSION = 5.0;
				TARGETED_DEVICE_FAMILY = "1,2";
			};
			name = Debug;
		};
		9AF0F3A32BBBF8CA00964E75 /* Release */ = {
			isa = XCBuildConfiguration;
			baseConfigurationReference = 77F17E162996FD910D313C07 /* Pods-pp.release.xcconfig */;
			buildSettings = {
				ASSETCATALOG_COMPILER_APPICON_NAME = AppIcon;
				ASSETCATALOG_COMPILER_GLOBAL_ACCENT_COLOR_NAME = AccentColor;
				CODE_SIGN_STYLE = Automatic;
				CURRENT_PROJECT_VERSION = 1;
				DEVELOPMENT_ASSET_PATHS = "\"pp/Preview Content\"";
				DEVELOPMENT_TEAM = 6RZ3FF956G;
				ENABLE_PREVIEWS = YES;
				GENERATE_INFOPLIST_FILE = YES;
				INFOPLIST_FILE = pp/Info.plist;
				INFOPLIST_KEY_CFBundleDisplayName = "피피";
				INFOPLIST_KEY_LSApplicationCategoryType = "public.app-category.lifestyle";
				INFOPLIST_KEY_UIApplicationSceneManifest_Generation = YES;
				INFOPLIST_KEY_UIApplicationSupportsIndirectInputEvents = YES;
				INFOPLIST_KEY_UILaunchScreen_Generation = YES;
				INFOPLIST_KEY_UILaunchStoryboardName = "Launch Screen.storyboard";
				INFOPLIST_KEY_UIStatusBarHidden = NO;
				INFOPLIST_KEY_UISupportedInterfaceOrientations_iPad = "UIInterfaceOrientationPortrait UIInterfaceOrientationPortraitUpsideDown UIInterfaceOrientationLandscapeLeft UIInterfaceOrientationLandscapeRight";
				INFOPLIST_KEY_UISupportedInterfaceOrientations_iPhone = "UIInterfaceOrientationPortrait UIInterfaceOrientationLandscapeLeft UIInterfaceOrientationLandscapeRight";
				INFOPLIST_KEY_UIUserInterfaceStyle = Light;
				LD_RUNPATH_SEARCH_PATHS = (
					"$(inherited)",
					"@executable_path/Frameworks",
				);
				MARKETING_VERSION = 1.0;
				PRODUCT_BUNDLE_IDENTIFIER = com.jihyunkim.pp;
				PRODUCT_NAME = "$(TARGET_NAME)";
				SWIFT_EMIT_LOC_STRINGS = YES;
				SWIFT_VERSION = 5.0;
				TARGETED_DEVICE_FAMILY = "1,2";
			};
			name = Release;
		};
/* End XCBuildConfiguration section */

/* Begin XCConfigurationList section */
		9AF0F3892BBBF8C800964E75 /* Build configuration list for PBXProject "pp" */ = {
			isa = XCConfigurationList;
			buildConfigurations = (
				9AF0F39F2BBBF8CA00964E75 /* Debug */,
				9AF0F3A02BBBF8CA00964E75 /* Release */,
			);
			defaultConfigurationIsVisible = 0;
			defaultConfigurationName = Release;
		};
		9AF0F3A12BBBF8CA00964E75 /* Build configuration list for PBXNativeTarget "pp" */ = {
			isa = XCConfigurationList;
			buildConfigurations = (
				9AF0F3A22BBBF8CA00964E75 /* Debug */,
				9AF0F3A32BBBF8CA00964E75 /* Release */,
			);
			defaultConfigurationIsVisible = 0;
			defaultConfigurationName = Release;
		};
/* End XCConfigurationList section */

/* Begin XCVersionGroup section */
		A910194E2BBCFE2A00046A62 /* DiaryPostModel.xcdatamodeld */ = {
			isa = XCVersionGroup;
			children = (
				A910194F2BBCFE2A00046A62 /* DiaryPost.xcdatamodel */,
			);
			currentVersion = A910194F2BBCFE2A00046A62 /* DiaryPost.xcdatamodel */;
			path = DiaryPostModel.xcdatamodeld;
			sourceTree = "<group>";
			versionGroupType = wrapper.xcdatamodel;
		};
/* End XCVersionGroup section */
	};
	rootObject = 9AF0F3862BBBF8C800964E75 /* Project object */;
}
